// !$*UTF8*$!
{
	archiveVersion = 1;
	classes = {
	};
	objectVersion = 46;
	objects = {

/* Begin PBXBuildFile section */
		24CF7B4B1B0946D5002B2D2A /* AppDelegate.swift in Sources */ = {isa = PBXBuildFile; fileRef = 24CF7B4A1B0946D5002B2D2A /* AppDelegate.swift */; };
		24CF7B4D1B0946D5002B2D2A /* ViewController.swift in Sources */ = {isa = PBXBuildFile; fileRef = 24CF7B4C1B0946D5002B2D2A /* ViewController.swift */; };
		24CF7B501B0946D5002B2D2A /* Main.storyboard in Resources */ = {isa = PBXBuildFile; fileRef = 24CF7B4E1B0946D5002B2D2A /* Main.storyboard */; };
		24CF7B521B0946D5002B2D2A /* Images.xcassets in Resources */ = {isa = PBXBuildFile; fileRef = 24CF7B511B0946D5002B2D2A /* Images.xcassets */; };
		24CF7B551B0946D5002B2D2A /* LaunchScreen.xib in Resources */ = {isa = PBXBuildFile; fileRef = 24CF7B531B0946D5002B2D2A /* LaunchScreen.xib */; };
		24CF7B611B0946D5002B2D2A /* How_Many_Fingers_Tests.swift in Sources */ = {isa = PBXBuildFile; fileRef = 24CF7B601B0946D5002B2D2A /* How_Many_Fingers_Tests.swift */; };
/* End PBXBuildFile section */

/* Begin PBXContainerItemProxy section */
		24CF7B5B1B0946D5002B2D2A /* PBXContainerItemProxy */ = {
			isa = PBXContainerItemProxy;
			containerPortal = 24CF7B3D1B0946D5002B2D2A /* Project object */;
			proxyType = 1;
			remoteGlobalIDString = 24CF7B441B0946D5002B2D2A;
			remoteInfo = "How Many Fingers?";
		};
/* End PBXContainerItemProxy section */

/* Begin PBXFileReference section */
		24CF7B451B0946D5002B2D2A /* How Many Fingers?.app */ = {isa = PBXFileReference; explicitFileType = wrapper.application; includeInIndex = 0; path = "How Many Fingers?.app"; sourceTree = BUILT_PRODUCTS_DIR; };
		24CF7B491B0946D5002B2D2A /* Info.plist */ = {isa = PBXFileReference; lastKnownFileType = text.plist.xml; path = Info.plist; sourceTree = "<group>"; };
		24CF7B4A1B0946D5002B2D2A /* AppDelegate.swift */ = {isa = PBXFileReference; lastKnownFileType = sourcecode.swift; path = AppDelegate.swift; sourceTree = "<group>"; };
		24CF7B4C1B0946D5002B2D2A /* ViewController.swift */ = {isa = PBXFileReference; lastKnownFileType = sourcecode.swift; path = ViewController.swift; sourceTree = "<group>"; };
		24CF7B4F1B0946D5002B2D2A /* Base */ = {isa = PBXFileReference; lastKnownFileType = file.storyboard; name = Base; path = Base.lproj/Main.storyboard; sourceTree = "<group>"; };
		24CF7B511B0946D5002B2D2A /* Images.xcassets */ = {isa = PBXFileReference; lastKnownFileType = folder.assetcatalog; path = Images.xcassets; sourceTree = "<group>"; };
		24CF7B541B0946D5002B2D2A /* Base */ = {isa = PBXFileReference; lastKnownFileType = file.xib; name = Base; path = Base.lproj/LaunchScreen.xib; sourceTree = "<group>"; };
		24CF7B5A1B0946D5002B2D2A /* How Many Fingers?Tests.xctest */ = {isa = PBXFileReference; explicitFileType = wrapper.cfbundle; includeInIndex = 0; path = "How Many Fingers?Tests.xctest"; sourceTree = BUILT_PRODUCTS_DIR; };
		24CF7B5F1B0946D5002B2D2A /* Info.plist */ = {isa = PBXFileReference; lastKnownFileType = text.plist.xml; path = Info.plist; sourceTree = "<group>"; };
		24CF7B601B0946D5002B2D2A /* How_Many_Fingers_Tests.swift */ = {isa = PBXFileReference; lastKnownFileType = sourcecode.swift; path = How_Many_Fingers_Tests.swift; sourceTree = "<group>"; };
/* End PBXFileReference section */

/* Begin PBXFrameworksBuildPhase section */
		24CF7B421B0946D5002B2D2A /* Frameworks */ = {
			isa = PBXFrameworksBuildPhase;
			buildActionMask = 2147483647;
			files = (
			);
			runOnlyForDeploymentPostprocessing = 0;
		};
		24CF7B571B0946D5002B2D2A /* Frameworks */ = {
			isa = PBXFrameworksBuildPhase;
			buildActionMask = 2147483647;
			files = (
			);
			runOnlyForDeploymentPostprocessing = 0;
		};
/* End PBXFrameworksBuildPhase section */

/* Begin PBXGroup section */
		24CF7B3C1B0946D5002B2D2A = {
			isa = PBXGroup;
			children = (
				24CF7B471B0946D5002B2D2A /* How Many Fingers? */,
				24CF7B5D1B0946D5002B2D2A /* How Many Fingers?Tests */,
				24CF7B461B0946D5002B2D2A /* Products */,
			);
			sourceTree = "<group>";
		};
		24CF7B461B0946D5002B2D2A /* Products */ = {
			isa = PBXGroup;
			children = (
				24CF7B451B0946D5002B2D2A /* How Many Fingers?.app */,
				24CF7B5A1B0946D5002B2D2A /* How Many Fingers?Tests.xctest */,
			);
			name = Products;
			sourceTree = "<group>";
		};
		24CF7B471B0946D5002B2D2A /* How Many Fingers? */ = {
			isa = PBXGroup;
			children = (
				24CF7B4A1B0946D5002B2D2A /* AppDelegate.swift */,
				24CF7B4C1B0946D5002B2D2A /* ViewController.swift */,
				24CF7B4E1B0946D5002B2D2A /* Main.storyboard */,
				24CF7B511B0946D5002B2D2A /* Images.xcassets */,
				24CF7B531B0946D5002B2D2A /* LaunchScreen.xib */,
				24CF7B481B0946D5002B2D2A /* Supporting Files */,
			);
			path = "How Many Fingers?";
			sourceTree = "<group>";
		};
		24CF7B481B0946D5002B2D2A /* Supporting Files */ = {
			isa = PBXGroup;
			children = (
				24CF7B491B0946D5002B2D2A /* Info.plist */,
			);
			name = "Supporting Files";
			sourceTree = "<group>";
		};
		24CF7B5D1B0946D5002B2D2A /* How Many Fingers?Tests */ = {
			isa = PBXGroup;
			children = (
				24CF7B601B0946D5002B2D2A /* How_Many_Fingers_Tests.swift */,
				24CF7B5E1B0946D5002B2D2A /* Supporting Files */,
			);
			path = "How Many Fingers?Tests";
			sourceTree = "<group>";
		};
		24CF7B5E1B0946D5002B2D2A /* Supporting Files */ = {
			isa = PBXGroup;
			children = (
				24CF7B5F1B0946D5002B2D2A /* Info.plist */,
			);
			name = "Supporting Files";
			sourceTree = "<group>";
		};
/* End PBXGroup section */

/* Begin PBXNativeTarget section */
		24CF7B441B0946D5002B2D2A /* How Many Fingers? */ = {
			isa = PBXNativeTarget;
			buildConfigurationList = 24CF7B641B0946D5002B2D2A /* Build configuration list for PBXNativeTarget "How Many Fingers?" */;
			buildPhases = (
				24CF7B411B0946D5002B2D2A /* Sources */,
				24CF7B421B0946D5002B2D2A /* Frameworks */,
				24CF7B431B0946D5002B2D2A /* Resources */,
			);
			buildRules = (
			);
			dependencies = (
			);
			name = "How Many Fingers?";
			productName = "How Many Fingers?";
			productReference = 24CF7B451B0946D5002B2D2A /* How Many Fingers?.app */;
			productType = "com.apple.product-type.application";
		};
		24CF7B591B0946D5002B2D2A /* How Many Fingers?Tests */ = {
			isa = PBXNativeTarget;
			buildConfigurationList = 24CF7B671B0946D5002B2D2A /* Build configuration list for PBXNativeTarget "How Many Fingers?Tests" */;
			buildPhases = (
				24CF7B561B0946D5002B2D2A /* Sources */,
				24CF7B571B0946D5002B2D2A /* Frameworks */,
				24CF7B581B0946D5002B2D2A /* Resources */,
			);
			buildRules = (
			);
			dependencies = (
				24CF7B5C1B0946D5002B2D2A /* PBXTargetDependency */,
			);
			name = "How Many Fingers?Tests";
			productName = "How Many Fingers?Tests";
			productReference = 24CF7B5A1B0946D5002B2D2A /* How Many Fingers?Tests.xctest */;
			productType = "com.apple.product-type.bundle.unit-test";
		};
/* End PBXNativeTarget section */

/* Begin PBXProject section */
		24CF7B3D1B0946D5002B2D2A /* Project object */ = {
			isa = PBXProject;
			attributes = {
				LastUpgradeCheck = 0630;
				ORGANIZATIONNAME = "Viraj Bhalala";
				TargetAttributes = {
					24CF7B441B0946D5002B2D2A = {
						CreatedOnToolsVersion = 6.3;
					};
					24CF7B591B0946D5002B2D2A = {
						CreatedOnToolsVersion = 6.3;
						TestTargetID = 24CF7B441B0946D5002B2D2A;
					};
				};
			};
			buildConfigurationList = 24CF7B401B0946D5002B2D2A /* Build configuration list for PBXProject "How Many Fingers?" */;
			compatibilityVersion = "Xcode 3.2";
			developmentRegion = English;
			hasScannedForEncodings = 0;
			knownRegions = (
				en,
				Base,
			);
			mainGroup = 24CF7B3C1B0946D5002B2D2A;
			productRefGroup = 24CF7B461B0946D5002B2D2A /* Products */;
			projectDirPath = "";
			projectRoot = "";
			targets = (
				24CF7B441B0946D5002B2D2A /* How Many Fingers? */,
				24CF7B591B0946D5002B2D2A /* How Many Fingers?Tests */,
			);
		};
/* End PBXProject section */

/* Begin PBXResourcesBuildPhase section */
		24CF7B431B0946D5002B2D2A /* Resources */ = {
			isa = PBXResourcesBuildPhase;
			buildActionMask = 2147483647;
			files = (
				24CF7B501B0946D5002B2D2A /* Main.storyboard in Resources */,
				24CF7B551B0946D5002B2D2A /* LaunchScreen.xib in Resources */,
				24CF7B521B0946D5002B2D2A /* Images.xcassets in Resources */,
			);
			runOnlyForDeploymentPostprocessing = 0;
		};
		24CF7B581B0946D5002B2D2A /* Resources */ = {
			isa = PBXResourcesBuildPhase;
			buildActionMask = 2147483647;
			files = (
			);
			runOnlyForDeploymentPostprocessing = 0;
		};
/* End PBXResourcesBuildPhase section */

/* Begin PBXSourcesBuildPhase section */
		24CF7B411B0946D5002B2D2A /* Sources */ = {
			isa = PBXSourcesBuildPhase;
			buildActionMask = 2147483647;
			files = (
				24CF7B4D1B0946D5002B2D2A /* ViewController.swift in Sources */,
				24CF7B4B1B0946D5002B2D2A /* AppDelegate.swift in Sources */,
			);
			runOnlyForDeploymentPostprocessing = 0;
		};
		24CF7B561B0946D5002B2D2A /* Sources */ = {
			isa = PBXSourcesBuildPhase;
			buildActionMask = 2147483647;
			files = (
				24CF7B611B0946D5002B2D2A /* How_Many_Fingers_Tests.swift in Sources */,
			);
			runOnlyForDeploymentPostprocessing = 0;
		};
/* End PBXSourcesBuildPhase section */

/* Begin PBXTargetDependency section */
		24CF7B5C1B0946D5002B2D2A /* PBXTargetDependency */ = {
			isa = PBXTargetDependency;
			target = 24CF7B441B0946D5002B2D2A /* How Many Fingers? */;
			targetProxy = 24CF7B5B1B0946D5002B2D2A /* PBXContainerItemProxy */;
		};
/* End PBXTargetDependency section */

/* Begin PBXVariantGroup section */
		24CF7B4E1B0946D5002B2D2A /* Main.storyboard */ = {
			isa = PBXVariantGroup;
			children = (
				24CF7B4F1B0946D5002B2D2A /* Base */,
			);
			name = Main.storyboard;
			sourceTree = "<group>";
		};
		24CF7B531B0946D5002B2D2A /* LaunchScreen.xib */ = {
			isa = PBXVariantGroup;
			children = (
				24CF7B541B0946D5002B2D2A /* Base */,
			);
			name = LaunchScreen.xib;
			sourceTree = "<group>";
		};
/* End PBXVariantGroup section */

/* Begin XCBuildConfiguration section */
		24CF7B621B0946D5002B2D2A /* Debug */ = {
			isa = XCBuildConfiguration;
			buildSettings = {
				ALWAYS_SEARCH_USER_PATHS = NO;
				CLANG_CXX_LANGUAGE_STANDARD = "gnu++0x";
				CLANG_CXX_LIBRARY = "libc++";
				CLANG_ENABLE_MODULES = YES;
				CLANG_ENABLE_OBJC_ARC = YES;
				CLANG_WARN_BOOL_CONVERSION = YES;
				CLANG_WARN_CONSTANT_CONVERSION = YES;
				CLANG_WARN_DIRECT_OBJC_ISA_USAGE = YES_ERROR;
				CLANG_WARN_EMPTY_BODY = YES;
				CLANG_WARN_ENUM_CONVERSION = YES;
				CLANG_WARN_INT_CONVERSION = YES;
				CLANG_WARN_OBJC_ROOT_CLASS = YES_ERROR;
				CLANG_WARN_UNREACHABLE_CODE = YES;
				CLANG_WARN__DUPLICATE_METHOD_MATCH = YES;
				"CODE_SIGN_IDENTITY[sdk=iphoneos*]" = "iPhone Developer";
				COPY_PHASE_STRIP = NO;
				DEBUG_INFORMATION_FORMAT = "dwarf-with-dsym";
				ENABLE_STRICT_OBJC_MSGSEND = YES;
				GCC_C_LANGUAGE_STANDARD = gnu99;
				GCC_DYNAMIC_NO_PIC = NO;
				GCC_NO_COMMON_BLOCKS = YES;
				GCC_OPTIMIZATION_LEVEL = 0;
				GCC_PREPROCESSOR_DEFINITIONS = (
					"DEBUG=1",
					"$(inherited)",
				);
				GCC_SYMBOLS_PRIVATE_EXTERN = NO;
				GCC_WARN_64_TO_32_BIT_CONVERSION = YES;
				GCC_WARN_ABOUT_RETURN_TYPE = YES_ERROR;
				GCC_WARN_UNDECLARED_SELECTOR = YES;
				GCC_WARN_UNINITIALIZED_AUTOS = YES_AGGRESSIVE;
				GCC_WARN_UNUSED_FUNCTION = YES;
				GCC_WARN_UNUSED_VARIABLE = YES;
				IPHONEOS_DEPLOYMENT_TARGET = 8.3;
				MTL_ENABLE_DEBUG_INFO = YES;
				ONLY_ACTIVE_ARCH = YES;
				SDKROOT = iphoneos;
				SWIFT_OPTIMIZATION_LEVEL = "-Onone";
			};
			name = Debug;
		};
		24CF7B631B0946D5002B2D2A /* Release */ = {
			isa = XCBuildConfiguration;
			buildSettings = {
				ALWAYS_SEARCH_USER_PATHS = NO;
				CLANG_CXX_LANGUAGE_STANDARD = "gnu++0x";
				CLANG_CXX_LIBRARY = "libc++";
				CLANG_ENABLE_MODULES = YES;
				CLANG_ENABLE_OBJC_ARC = YES;
				CLANG_WARN_BOOL_CONVERSION = YES;
				CLANG_WARN_CONSTANT_CONVERSION = YES;
				CLANG_WARN_DIRECT_OBJC_ISA_USAGE = YES_ERROR;
				CLANG_WARN_EMPTY_BODY = YES;
				CLANG_WARN_ENUM_CONVERSION = YES;
				CLANG_WARN_INT_CONVERSION = YES;
				CLANG_WARN_OBJC_ROOT_CLASS = YES_ERROR;
				CLANG_WARN_UNREACHABLE_CODE = YES;
				CLANG_WARN__DUPLICATE_METHOD_MATCH = YES;
				"CODE_SIGN_IDENTITY[sdk=iphoneos*]" = "iPhone Developer";
				COPY_PHASE_STRIP = NO;
				DEBUG_INFORMATION_FORMAT = "dwarf-with-dsym";
				ENABLE_NS_ASSERTIONS = NO;
				ENABLE_STRICT_OBJC_MSGSEND = YES;
				GCC_C_LANGUAGE_STANDARD = gnu99;
				GCC_NO_COMMON_BLOCKS = YES;
				GCC_WARN_64_TO_32_BIT_CONVERSION = YES;
				GCC_WARN_ABOUT_RETURN_TYPE = YES_ERROR;
				GCC_WARN_UNDECLARED_SELECTOR = YES;
				GCC_WARN_UNINITIALIZED_AUTOS = YES_AGGRESSIVE;
				GCC_WARN_UNUSED_FUNCTION = YES;
				GCC_WARN_UNUSED_VARIABLE = YES;
				IPHONEOS_DEPLOYMENT_TARGET = 8.3;
				MTL_ENABLE_DEBUG_INFO = NO;
				SDKROOT = iphoneos;
				VALIDATE_PRODUCT = YES;
			};
			name = Release;
		};
		24CF7B651B0946D5002B2D2A /* Debug */ = {
			isa = XCBuildConfiguration;
			buildSettings = {
				ASSETCATALOG_COMPILER_APPICON_NAME = AppIcon;
				INFOPLIST_FILE = "How Many Fingers?/Info.plist";
				LD_RUNPATH_SEARCH_PATHS = "$(inherited) @executable_path/Frameworks";
				PRODUCT_NAME = "$(TARGET_NAME)";
			};
			name = Debug;
		};
		24CF7B661B0946D5002B2D2A /* Release */ = {
			isa = XCBuildConfiguration;
			buildSettings = {
				ASSETCATALOG_COMPILER_APPICON_NAME = AppIcon;
				INFOPLIST_FILE = "How Many Fingers?/Info.plist";
				LD_RUNPATH_SEARCH_PATHS = "$(inherited) @executable_path/Frameworks";
				PRODUCT_NAME = "$(TARGET_NAME)";
			};
			name = Release;
		};
		24CF7B681B0946D5002B2D2A /* Debug */ = {
			isa = XCBuildConfiguration;
			buildSettings = {
				BUNDLE_LOADER = "$(TEST_HOST)";
				FRAMEWORK_SEARCH_PATHS = (
					"$(SDKROOT)/Developer/Library/Frameworks",
					"$(inherited)",
				);
				GCC_PREPROCESSOR_DEFINITIONS = (
					"DEBUG=1",
					"$(inherited)",
				);
				INFOPLIST_FILE = "How Many Fingers?Tests/Info.plist";
				LD_RUNPATH_SEARCH_PATHS = "$(inherited) @executable_path/Frameworks @loader_path/Frameworks";
				PRODUCT_NAME = "$(TARGET_NAME)";
				TEST_HOST = "$(BUILT_PRODUCTS_DIR)/How Many Fingers?.app/How Many Fingers?";
			};
			name = Debug;
		};
		24CF7B691B0946D5002B2D2A /* Release */ = {
			isa = XCBuildConfiguration;
			buildSettings = {
				BUNDLE_LOADER = "$(TEST_HOST)";
				FRAMEWORK_SEARCH_PATHS = (
					"$(SDKROOT)/Developer/Library/Frameworks",
					"$(inherited)",
				);
				INFOPLIST_FILE = "How Many Fingers?Tests/Info.plist";
				LD_RUNPATH_SEARCH_PATHS = "$(inherited) @executable_path/Frameworks @loader_path/Frameworks";
				PRODUCT_NAME = "$(TARGET_NAME)";
				TEST_HOST = "$(BUILT_PRODUCTS_DIR)/How Many Fingers?.app/How Many Fingers?";
			};
			name = Release;
		};
/* End XCBuildConfiguration section */

/* Begin XCConfigurationList section */
		24CF7B401B0946D5002B2D2A /* Build configuration list for PBXProject "How Many Fingers?" */ = {
			isa = XCConfigurationList;
			buildConfigurations = (
				24CF7B621B0946D5002B2D2A /* Debug */,
				24CF7B631B0946D5002B2D2A /* Release */,
			);
			defaultConfigurationIsVisible = 0;
			defaultConfigurationName = Release;
		};
		24CF7B641B0946D5002B2D2A /* Build configuration list for PBXNativeTarget "How Many Fingers?" */ = {
			isa = XCConfigurationList;
			buildConfigurations = (
				24CF7B651B0946D5002B2D2A /* Debug */,
				24CF7B661B0946D5002B2D2A /* Release */,
			);
			defaultConfigurationIsVisible = 0;
		};
		24CF7B671B0946D5002B2D2A /* Build configuration list for PBXNativeTarget "How Many Fingers?Tests" */ = {
			isa = XCConfigurationList;
			buildConfigurations = (
				24CF7B681B0946D5002B2D2A /* Debug */,
				24CF7B691B0946D5002B2D2A /* Release */,
			);
			defaultConfigurationIsVisible = 0;
		};
/* End XCConfigurationList section */
	};
	rootObject = 24CF7B3D1B0946D5002B2D2A /* Project object */;
}
