// !$*UTF8*$!
{
	archiveVersion = 1;
	classes = {
	};
	objectVersion = 46;
	objects = {

/* Begin PBXBuildFile section */
		24FECF661A5F418800DE27BA /* AppDelegate.swift in Sources */ = {isa = PBXBuildFile; fileRef = 24FECF651A5F418800DE27BA /* AppDelegate.swift */; };
		24FECF681A5F418800DE27BA /* ViewController.swift in Sources */ = {isa = PBXBuildFile; fileRef = 24FECF671A5F418800DE27BA /* ViewController.swift */; };
		24FECF6B1A5F418800DE27BA /* Main.storyboard in Resources */ = {isa = PBXBuildFile; fileRef = 24FECF691A5F418800DE27BA /* Main.storyboard */; };
		24FECF6D1A5F418800DE27BA /* Images.xcassets in Resources */ = {isa = PBXBuildFile; fileRef = 24FECF6C1A5F418800DE27BA /* Images.xcassets */; };
		24FECF701A5F418800DE27BA /* LaunchScreen.xib in Resources */ = {isa = PBXBuildFile; fileRef = 24FECF6E1A5F418800DE27BA /* LaunchScreen.xib */; };
		24FECF7C1A5F418800DE27BA /* IsItPrimeTests.swift in Sources */ = {isa = PBXBuildFile; fileRef = 24FECF7B1A5F418800DE27BA /* IsItPrimeTests.swift */; };
/* End PBXBuildFile section */

/* Begin PBXContainerItemProxy section */
		24FECF761A5F418800DE27BA /* PBXContainerItemProxy */ = {
			isa = PBXContainerItemProxy;
			containerPortal = 24FECF581A5F418800DE27BA /* Project object */;
			proxyType = 1;
			remoteGlobalIDString = 24FECF5F1A5F418800DE27BA;
			remoteInfo = IsItPrime;
		};
/* End PBXContainerItemProxy section */

/* Begin PBXFileReference section */
		24FECF601A5F418800DE27BA /* IsItPrime.app */ = {isa = PBXFileReference; explicitFileType = wrapper.application; includeInIndex = 0; path = IsItPrime.app; sourceTree = BUILT_PRODUCTS_DIR; };
		24FECF641A5F418800DE27BA /* Info.plist */ = {isa = PBXFileReference; lastKnownFileType = text.plist.xml; path = Info.plist; sourceTree = "<group>"; };
		24FECF651A5F418800DE27BA /* AppDelegate.swift */ = {isa = PBXFileReference; lastKnownFileType = sourcecode.swift; path = AppDelegate.swift; sourceTree = "<group>"; };
		24FECF671A5F418800DE27BA /* ViewController.swift */ = {isa = PBXFileReference; lastKnownFileType = sourcecode.swift; path = ViewController.swift; sourceTree = "<group>"; };
		24FECF6A1A5F418800DE27BA /* Base */ = {isa = PBXFileReference; lastKnownFileType = file.storyboard; name = Base; path = Base.lproj/Main.storyboard; sourceTree = "<group>"; };
		24FECF6C1A5F418800DE27BA /* Images.xcassets */ = {isa = PBXFileReference; lastKnownFileType = folder.assetcatalog; path = Images.xcassets; sourceTree = "<group>"; };
		24FECF6F1A5F418800DE27BA /* Base */ = {isa = PBXFileReference; lastKnownFileType = file.xib; name = Base; path = Base.lproj/LaunchScreen.xib; sourceTree = "<group>"; };
		24FECF751A5F418800DE27BA /* IsItPrimeTests.xctest */ = {isa = PBXFileReference; explicitFileType = wrapper.cfbundle; includeInIndex = 0; path = IsItPrimeTests.xctest; sourceTree = BUILT_PRODUCTS_DIR; };
		24FECF7A1A5F418800DE27BA /* Info.plist */ = {isa = PBXFileReference; lastKnownFileType = text.plist.xml; path = Info.plist; sourceTree = "<group>"; };
		24FECF7B1A5F418800DE27BA /* IsItPrimeTests.swift */ = {isa = PBXFileReference; lastKnownFileType = sourcecode.swift; path = IsItPrimeTests.swift; sourceTree = "<group>"; };
/* End PBXFileReference section */

/* Begin PBXFrameworksBuildPhase section */
		24FECF5D1A5F418800DE27BA /* Frameworks */ = {
			isa = PBXFrameworksBuildPhase;
			buildActionMask = 2147483647;
			files = (
			);
			runOnlyForDeploymentPostprocessing = 0;
		};
		24FECF721A5F418800DE27BA /* Frameworks */ = {
			isa = PBXFrameworksBuildPhase;
			buildActionMask = 2147483647;
			files = (
			);
			runOnlyForDeploymentPostprocessing = 0;
		};
/* End PBXFrameworksBuildPhase section */

/* Begin PBXGroup section */
		24FECF571A5F418800DE27BA = {
			isa = PBXGroup;
			children = (
				24FECF621A5F418800DE27BA /* IsItPrime */,
				24FECF781A5F418800DE27BA /* IsItPrimeTests */,
				24FECF611A5F418800DE27BA /* Products */,
			);
			sourceTree = "<group>";
		};
		24FECF611A5F418800DE27BA /* Products */ = {
			isa = PBXGroup;
			children = (
				24FECF601A5F418800DE27BA /* IsItPrime.app */,
				24FECF751A5F418800DE27BA /* IsItPrimeTests.xctest */,
			);
			name = Products;
			sourceTree = "<group>";
		};
		24FECF621A5F418800DE27BA /* IsItPrime */ = {
			isa = PBXGroup;
			children = (
				24FECF651A5F418800DE27BA /* AppDelegate.swift */,
				24FECF671A5F418800DE27BA /* ViewController.swift */,
				24FECF691A5F418800DE27BA /* Main.storyboard */,
				24FECF6C1A5F418800DE27BA /* Images.xcassets */,
				24FECF6E1A5F418800DE27BA /* LaunchScreen.xib */,
				24FECF631A5F418800DE27BA /* Supporting Files */,
			);
			path = IsItPrime;
			sourceTree = "<group>";
		};
		24FECF631A5F418800DE27BA /* Supporting Files */ = {
			isa = PBXGroup;
			children = (
				24FECF641A5F418800DE27BA /* Info.plist */,
			);
			name = "Supporting Files";
			sourceTree = "<group>";
		};
		24FECF781A5F418800DE27BA /* IsItPrimeTests */ = {
			isa = PBXGroup;
			children = (
				24FECF7B1A5F418800DE27BA /* IsItPrimeTests.swift */,
				24FECF791A5F418800DE27BA /* Supporting Files */,
			);
			path = IsItPrimeTests;
			sourceTree = "<group>";
		};
		24FECF791A5F418800DE27BA /* Supporting Files */ = {
			isa = PBXGroup;
			children = (
				24FECF7A1A5F418800DE27BA /* Info.plist */,
			);
			name = "Supporting Files";
			sourceTree = "<group>";
		};
/* End PBXGroup section */

/* Begin PBXNativeTarget section */
		24FECF5F1A5F418800DE27BA /* IsItPrime */ = {
			isa = PBXNativeTarget;
			buildConfigurationList = 24FECF7F1A5F418800DE27BA /* Build configuration list for PBXNativeTarget "IsItPrime" */;
			buildPhases = (
				24FECF5C1A5F418800DE27BA /* Sources */,
				24FECF5D1A5F418800DE27BA /* Frameworks */,
				24FECF5E1A5F418800DE27BA /* Resources */,
			);
			buildRules = (
			);
			dependencies = (
			);
			name = IsItPrime;
			productName = IsItPrime;
			productReference = 24FECF601A5F418800DE27BA /* IsItPrime.app */;
			productType = "com.apple.product-type.application";
		};
		24FECF741A5F418800DE27BA /* IsItPrimeTests */ = {
			isa = PBXNativeTarget;
			buildConfigurationList = 24FECF821A5F418800DE27BA /* Build configuration list for PBXNativeTarget "IsItPrimeTests" */;
			buildPhases = (
				24FECF711A5F418800DE27BA /* Sources */,
				24FECF721A5F418800DE27BA /* Frameworks */,
				24FECF731A5F418800DE27BA /* Resources */,
			);
			buildRules = (
			);
			dependencies = (
				24FECF771A5F418800DE27BA /* PBXTargetDependency */,
			);
			name = IsItPrimeTests;
			productName = IsItPrimeTests;
			productReference = 24FECF751A5F418800DE27BA /* IsItPrimeTests.xctest */;
			productType = "com.apple.product-type.bundle.unit-test";
		};
/* End PBXNativeTarget section */

/* Begin PBXProject section */
		24FECF581A5F418800DE27BA /* Project object */ = {
			isa = PBXProject;
			attributes = {
				LastUpgradeCheck = 0610;
				ORGANIZATIONNAME = "Viraj Bhalala";
				TargetAttributes = {
					24FECF5F1A5F418800DE27BA = {
						CreatedOnToolsVersion = 6.1.1;
					};
					24FECF741A5F418800DE27BA = {
						CreatedOnToolsVersion = 6.1.1;
						TestTargetID = 24FECF5F1A5F418800DE27BA;
					};
				};
			};
			buildConfigurationList = 24FECF5B1A5F418800DE27BA /* Build configuration list for PBXProject "IsItPrime" */;
			compatibilityVersion = "Xcode 3.2";
			developmentRegion = English;
			hasScannedForEncodings = 0;
			knownRegions = (
				en,
				Base,
			);
			mainGroup = 24FECF571A5F418800DE27BA;
			productRefGroup = 24FECF611A5F418800DE27BA /* Products */;
			projectDirPath = "";
			projectRoot = "";
			targets = (
				24FECF5F1A5F418800DE27BA /* IsItPrime */,
				24FECF741A5F418800DE27BA /* IsItPrimeTests */,
			);
		};
/* End PBXProject section */

/* Begin PBXResourcesBuildPhase section */
		24FECF5E1A5F418800DE27BA /* Resources */ = {
			isa = PBXResourcesBuildPhase;
			buildActionMask = 2147483647;
			files = (
				24FECF6B1A5F418800DE27BA /* Main.storyboard in Resources */,
				24FECF701A5F418800DE27BA /* LaunchScreen.xib in Resources */,
				24FECF6D1A5F418800DE27BA /* Images.xcassets in Resources */,
			);
			runOnlyForDeploymentPostprocessing = 0;
		};
		24FECF731A5F418800DE27BA /* Resources */ = {
			isa = PBXResourcesBuildPhase;
			buildActionMask = 2147483647;
			files = (
			);
			runOnlyForDeploymentPostprocessing = 0;
		};
/* End PBXResourcesBuildPhase section */

/* Begin PBXSourcesBuildPhase section */
		24FECF5C1A5F418800DE27BA /* Sources */ = {
			isa = PBXSourcesBuildPhase;
			buildActionMask = 2147483647;
			files = (
				24FECF681A5F418800DE27BA /* ViewController.swift in Sources */,
				24FECF661A5F418800DE27BA /* AppDelegate.swift in Sources */,
			);
			runOnlyForDeploymentPostprocessing = 0;
		};
		24FECF711A5F418800DE27BA /* Sources */ = {
			isa = PBXSourcesBuildPhase;
			buildActionMask = 2147483647;
			files = (
				24FECF7C1A5F418800DE27BA /* IsItPrimeTests.swift in Sources */,
			);
			runOnlyForDeploymentPostprocessing = 0;
		};
/* End PBXSourcesBuildPhase section */

/* Begin PBXTargetDependency section */
		24FECF771A5F418800DE27BA /* PBXTargetDependency */ = {
			isa = PBXTargetDependency;
			target = 24FECF5F1A5F418800DE27BA /* IsItPrime */;
			targetProxy = 24FECF761A5F418800DE27BA /* PBXContainerItemProxy */;
		};
/* End PBXTargetDependency section */

/* Begin PBXVariantGroup section */
		24FECF691A5F418800DE27BA /* Main.storyboard */ = {
			isa = PBXVariantGroup;
			children = (
				24FECF6A1A5F418800DE27BA /* Base */,
			);
			name = Main.storyboard;
			sourceTree = "<group>";
		};
		24FECF6E1A5F418800DE27BA /* LaunchScreen.xib */ = {
			isa = PBXVariantGroup;
			children = (
				24FECF6F1A5F418800DE27BA /* Base */,
			);
			name = LaunchScreen.xib;
			sourceTree = "<group>";
		};
/* End PBXVariantGroup section */

/* Begin XCBuildConfiguration section */
		24FECF7D1A5F418800DE27BA /* Debug */ = {
			isa = XCBuildConfiguration;
			buildSettings = {
				ALWAYS_SEARCH_USER_PATHS = NO;
				CLANG_CXX_LANGUAGE_STANDARD = "gnu++0x";
				CLANG_CXX_LIBRARY = "libc++";
				CLANG_ENABLE_MODULES = YES;
				CLANG_ENABLE_OBJC_ARC = YES;
				CLANG_WARN_BOOL_CONVERSION = YES;
				CLANG_WARN_CONSTANT_CONVERSION = YES;
				CLANG_WARN_DIRECT_OBJC_ISA_USAGE = YES_ERROR;
				CLANG_WARN_EMPTY_BODY = YES;
				CLANG_WARN_ENUM_CONVERSION = YES;
				CLANG_WARN_INT_CONVERSION = YES;
				CLANG_WARN_OBJC_ROOT_CLASS = YES_ERROR;
				CLANG_WARN_UNREACHABLE_CODE = YES;
				CLANG_WARN__DUPLICATE_METHOD_MATCH = YES;
				"CODE_SIGN_IDENTITY[sdk=iphoneos*]" = "iPhone Developer";
				COPY_PHASE_STRIP = NO;
				ENABLE_STRICT_OBJC_MSGSEND = YES;
				GCC_C_LANGUAGE_STANDARD = gnu99;
				GCC_DYNAMIC_NO_PIC = NO;
				GCC_OPTIMIZATION_LEVEL = 0;
				GCC_PREPROCESSOR_DEFINITIONS = (
					"DEBUG=1",
					"$(inherited)",
				);
				GCC_SYMBOLS_PRIVATE_EXTERN = NO;
				GCC_WARN_64_TO_32_BIT_CONVERSION = YES;
				GCC_WARN_ABOUT_RETURN_TYPE = YES_ERROR;
				GCC_WARN_UNDECLARED_SELECTOR = YES;
				GCC_WARN_UNINITIALIZED_AUTOS = YES_AGGRESSIVE;
				GCC_WARN_UNUSED_FUNCTION = YES;
				GCC_WARN_UNUSED_VARIABLE = YES;
				IPHONEOS_DEPLOYMENT_TARGET = 8.1;
				MTL_ENABLE_DEBUG_INFO = YES;
				ONLY_ACTIVE_ARCH = YES;
				SDKROOT = iphoneos;
				SWIFT_OPTIMIZATION_LEVEL = "-Onone";
				TARGETED_DEVICE_FAMILY = "1,2";
			};
			name = Debug;
		};
		24FECF7E1A5F418800DE27BA /* Release */ = {
			isa = XCBuildConfiguration;
			buildSettings = {
				ALWAYS_SEARCH_USER_PATHS = NO;
				CLANG_CXX_LANGUAGE_STANDARD = "gnu++0x";
				CLANG_CXX_LIBRARY = "libc++";
				CLANG_ENABLE_MODULES = YES;
				CLANG_ENABLE_OBJC_ARC = YES;
				CLANG_WARN_BOOL_CONVERSION = YES;
				CLANG_WARN_CONSTANT_CONVERSION = YES;
				CLANG_WARN_DIRECT_OBJC_ISA_USAGE = YES_ERROR;
				CLANG_WARN_EMPTY_BODY = YES;
				CLANG_WARN_ENUM_CONVERSION = YES;
				CLANG_WARN_INT_CONVERSION = YES;
				CLANG_WARN_OBJC_ROOT_CLASS = YES_ERROR;
				CLANG_WARN_UNREACHABLE_CODE = YES;
				CLANG_WARN__DUPLICATE_METHOD_MATCH = YES;
				"CODE_SIGN_IDENTITY[sdk=iphoneos*]" = "iPhone Developer";
				COPY_PHASE_STRIP = YES;
				ENABLE_NS_ASSERTIONS = NO;
				ENABLE_STRICT_OBJC_MSGSEND = YES;
				GCC_C_LANGUAGE_STANDARD = gnu99;
				GCC_WARN_64_TO_32_BIT_CONVERSION = YES;
				GCC_WARN_ABOUT_RETURN_TYPE = YES_ERROR;
				GCC_WARN_UNDECLARED_SELECTOR = YES;
				GCC_WARN_UNINITIALIZED_AUTOS = YES_AGGRESSIVE;
				GCC_WARN_UNUSED_FUNCTION = YES;
				GCC_WARN_UNUSED_VARIABLE = YES;
				IPHONEOS_DEPLOYMENT_TARGET = 8.1;
				MTL_ENABLE_DEBUG_INFO = NO;
				SDKROOT = iphoneos;
				TARGETED_DEVICE_FAMILY = "1,2";
				VALIDATE_PRODUCT = YES;
			};
			name = Release;
		};
		24FECF801A5F418800DE27BA /* Debug */ = {
			isa = XCBuildConfiguration;
			buildSettings = {
				ASSETCATALOG_COMPILER_APPICON_NAME = AppIcon;
				INFOPLIST_FILE = IsItPrime/Info.plist;
				LD_RUNPATH_SEARCH_PATHS = "$(inherited) @executable_path/Frameworks";
				PRODUCT_NAME = "$(TARGET_NAME)";
				TARGETED_DEVICE_FAMILY = "1,2";
			};
			name = Debug;
		};
		24FECF811A5F418800DE27BA /* Release */ = {
			isa = XCBuildConfiguration;
			buildSettings = {
				ASSETCATALOG_COMPILER_APPICON_NAME = AppIcon;
				INFOPLIST_FILE = IsItPrime/Info.plist;
				LD_RUNPATH_SEARCH_PATHS = "$(inherited) @executable_path/Frameworks";
				PRODUCT_NAME = "$(TARGET_NAME)";
				TARGETED_DEVICE_FAMILY = "1,2";
			};
			name = Release;
		};
		24FECF831A5F418800DE27BA /* Debug */ = {
			isa = XCBuildConfiguration;
			buildSettings = {
				BUNDLE_LOADER = "$(TEST_HOST)";
				FRAMEWORK_SEARCH_PATHS = (
					"$(SDKROOT)/Developer/Library/Frameworks",
					"$(inherited)",
				);
				GCC_PREPROCESSOR_DEFINITIONS = (
					"DEBUG=1",
					"$(inherited)",
				);
				INFOPLIST_FILE = IsItPrimeTests/Info.plist;
				LD_RUNPATH_SEARCH_PATHS = "$(inherited) @executable_path/Frameworks @loader_path/Frameworks";
				PRODUCT_NAME = "$(TARGET_NAME)";
				TEST_HOST = "$(BUILT_PRODUCTS_DIR)/IsItPrime.app/IsItPrime";
			};
			name = Debug;
		};
		24FECF841A5F418800DE27BA /* Release */ = {
			isa = XCBuildConfiguration;
			buildSettings = {
				BUNDLE_LOADER = "$(TEST_HOST)";
				FRAMEWORK_SEARCH_PATHS = (
					"$(SDKROOT)/Developer/Library/Frameworks",
					"$(inherited)",
				);
				INFOPLIST_FILE = IsItPrimeTests/Info.plist;
				LD_RUNPATH_SEARCH_PATHS = "$(inherited) @executable_path/Frameworks @loader_path/Frameworks";
				PRODUCT_NAME = "$(TARGET_NAME)";
				TEST_HOST = "$(BUILT_PRODUCTS_DIR)/IsItPrime.app/IsItPrime";
			};
			name = Release;
		};
/* End XCBuildConfiguration section */

/* Begin XCConfigurationList section */
		24FECF5B1A5F418800DE27BA /* Build configuration list for PBXProject "IsItPrime" */ = {
			isa = XCConfigurationList;
			buildConfigurations = (
				24FECF7D1A5F418800DE27BA /* Debug */,
				24FECF7E1A5F418800DE27BA /* Release */,
			);
			defaultConfigurationIsVisible = 0;
			defaultConfigurationName = Release;
		};
		24FECF7F1A5F418800DE27BA /* Build configuration list for PBXNativeTarget "IsItPrime" */ = {
			isa = XCConfigurationList;
			buildConfigurations = (
				24FECF801A5F418800DE27BA /* Debug */,
				24FECF811A5F418800DE27BA /* Release */,
			);
			defaultConfigurationIsVisible = 0;
		};
		24FECF821A5F418800DE27BA /* Build configuration list for PBXNativeTarget "IsItPrimeTests" */ = {
			isa = XCConfigurationList;
			buildConfigurations = (
				24FECF831A5F418800DE27BA /* Debug */,
				24FECF841A5F418800DE27BA /* Release */,
			);
			defaultConfigurationIsVisible = 0;
		};
/* End XCConfigurationList section */
	};
	rootObject = 24FECF581A5F418800DE27BA /* Project object */;
}
